
Microsoft Visual Studio Solution File, Format Version 12.00
# Visual Studio Version 16
VisualStudioVersion = 16.0.30907.101
MinimumVisualStudioVersion = 10.0.40219.1
Project("{9A19103F-16F7-4668-BE54-9A1E7A4F7556}") = "BondPricerTest", "BondPricerTest\BondPricerTest.csproj", "{A23B477F-809C-421E-A227-A819112CF221}"
EndProject
Project("{9A19103F-16F7-4668-BE54-9A1E7A4F7556}") = "BondPricer", "BondPricer\BondPricer.csproj", "{3C268611-8EC9-424E-8ADB-6CAA7196A4AB}"
EndProject
Global
	GlobalSection(SolutionConfigurationPlatforms) = preSolution
		Debug|Any CPU = Debug|Any CPU
		Release|Any CPU = Release|Any CPU
	EndGlobalSection
	GlobalSection(ProjectConfigurationPlatforms) = postSolution
		{A23B477F-809C-421E-A227-A819112CF221}.Debug|Any CPU.ActiveCfg = Debug|Any CPU
		{A23B477F-809C-421E-A227-A819112CF221}.Debug|Any CPU.Build.0 = Debug|Any CPU
		{A23B477F-809C-421E-A227-A819112CF221}.Release|Any CPU.ActiveCfg = Release|Any CPU
		{A23B477F-809C-421E-A227-A819112CF221}.Release|Any CPU.Build.0 = Release|Any CPU
		{3C268611-8EC9-424E-8ADB-6CAA7196A4AB}.Debug|Any CPU.ActiveCfg = Debug|Any CPU
		{3C268611-8EC9-424E-8ADB-6CAA7196A4AB}.Debug|Any CPU.Build.0 = Debug|Any CPU
		{3C268611-8EC9-424E-8ADB-6CAA7196A4AB}.Release|Any CPU.ActiveCfg = Release|Any CPU
		{3C268611-8EC9-424E-8ADB-6CAA7196A4AB}.Release|Any CPU.Build.0 = Release|Any CPU
	EndGlobalSection
	GlobalSection(SolutionProperties) = preSolution
		HideSolutionNode = FALSE
	EndGlobalSection
	GlobalSection(ExtensibilityGlobals) = postSolution
		SolutionGuid = {1CC982D0-A08C-4967-A932-807FBC8C7BEA}
	EndGlobalSection
EndGlobal
